{
  "name": "fish2-cli",
  "version": "1.0.0",
  "lockfileVersion": 3,
  "requires": true,
  "packages": {
    "": {
      "name": "fish2-cli",
      "version": "1.0.0",
      "license": "ISC",
      "bin": {
        "fish-cli": "bin/index.js"
      }
    },
    "../fish2-cli-lib": {
      "version": "1.0.0",
      "extraneous": true,
      "license": "ISC"
    }
  }
}
